
Microsoft Visual Studio Solution File, Format Version 12.00
# Visual Studio 14
VisualStudioVersion = 14.0.24720.0
MinimumVisualStudioVersion = 10.0.40219.1
Project("{8BC9CEB8-8B4A-11D0-8D11-00A0C91BC942}") = "PartA_TerminalHacking", "PartA_TerminalHacking\PartA_TerminalHacking.vcxproj", "{6468A7CB-08F9-4B3B-8E97-AEB62B1BBCA1}"
EndProject
Project("{8BC9CEB8-8B4A-11D0-8D11-00A0C91BC942}") = "PartB_Connect4", "PartB_Connect4\PartB_Connect4.vcxproj", "{F60DB40A-C893-43B9-8795-A80947025937}"
EndProject
Project("{8BC9CEB8-8B4A-11D0-8D11-00A0C91BC942}") = "PartC_Mandelbrot", "PartC_Mandelbrot\PartC_Mandelbrot.vcxproj", "{63BF063E-3B15-4330-9F17-8B5B82C2F175}"
EndProject
Global
	GlobalSection(SolutionConfigurationPlatforms) = preSolution
		Debug|x64 = Debug|x64
		Debug|x86 = Debug|x86
		Release|x64 = Release|x64
		Release|x86 = Release|x86
	EndGlobalSection
	GlobalSection(ProjectConfigurationPlatforms) = postSolution
		{6468A7CB-08F9-4B3B-8E97-AEB62B1BBCA1}.Debug|x64.ActiveCfg = Debug|x64
		{6468A7CB-08F9-4B3B-8E97-AEB62B1BBCA1}.Debug|x64.Build.0 = Debug|x64
		{6468A7CB-08F9-4B3B-8E97-AEB62B1BBCA1}.Debug|x86.ActiveCfg = Debug|Win32
		{6468A7CB-08F9-4B3B-8E97-AEB62B1BBCA1}.Debug|x86.Build.0 = Debug|Win32
		{6468A7CB-08F9-4B3B-8E97-AEB62B1BBCA1}.Release|x64.ActiveCfg = Release|x64
		{6468A7CB-08F9-4B3B-8E97-AEB62B1BBCA1}.Release|x64.Build.0 = Release|x64
		{6468A7CB-08F9-4B3B-8E97-AEB62B1BBCA1}.Release|x86.ActiveCfg = Release|Win32
		{6468A7CB-08F9-4B3B-8E97-AEB62B1BBCA1}.Release|x86.Build.0 = Release|Win32
		{F60DB40A-C893-43B9-8795-A80947025937}.Debug|x64.ActiveCfg = Debug|x64
		{F60DB40A-C893-43B9-8795-A80947025937}.Debug|x64.Build.0 = Debug|x64
		{F60DB40A-C893-43B9-8795-A80947025937}.Debug|x86.ActiveCfg = Debug|Win32
		{F60DB40A-C893-43B9-8795-A80947025937}.Debug|x86.Build.0 = Debug|Win32
		{F60DB40A-C893-43B9-8795-A80947025937}.Release|x64.ActiveCfg = Release|x64
		{F60DB40A-C893-43B9-8795-A80947025937}.Release|x64.Build.0 = Release|x64
		{F60DB40A-C893-43B9-8795-A80947025937}.Release|x86.ActiveCfg = Release|Win32
		{F60DB40A-C893-43B9-8795-A80947025937}.Release|x86.Build.0 = Release|Win32
		{63BF063E-3B15-4330-9F17-8B5B82C2F175}.Debug|x64.ActiveCfg = Debug|x64
		{63BF063E-3B15-4330-9F17-8B5B82C2F175}.Debug|x64.Build.0 = Debug|x64
		{63BF063E-3B15-4330-9F17-8B5B82C2F175}.Debug|x86.ActiveCfg = Debug|Win32
		{63BF063E-3B15-4330-9F17-8B5B82C2F175}.Debug|x86.Build.0 = Debug|Win32
		{63BF063E-3B15-4330-9F17-8B5B82C2F175}.Release|x64.ActiveCfg = Release|x64
		{63BF063E-3B15-4330-9F17-8B5B82C2F175}.Release|x64.Build.0 = Release|x64
		{63BF063E-3B15-4330-9F17-8B5B82C2F175}.Release|x86.ActiveCfg = Release|Win32
		{63BF063E-3B15-4330-9F17-8B5B82C2F175}.Release|x86.Build.0 = Release|Win32
	EndGlobalSection
	GlobalSection(SolutionProperties) = preSolution
		HideSolutionNode = FALSE
	EndGlobalSection
EndGlobal
